# This file is autogenerated, do not edit; changes may be undone by the next 'dep ensure'.


[[projects]]
  digest = "1:b520b55fc1146c5b0eea03b07233f7a3d4a9be985c037c91ea6b82ecb81bd521"
  name = "github.com/bitly/go-simplejson"
  packages = ["."]
  pruneopts = "UT"
  revision = "aabad6e819789e569bd6aabf444c935aa9ba1e44"
  version = "v0.5.0"

[[projects]]
  digest = "1:63bd62f5b57c55f0e07c9f8a76d841c7fa74905cc3cb6b8a55e923450f4bee81"
  name = "github.com/codegangsta/inject"
  packages = ["."]
  pruneopts = "UT"
  revision = "37d7f8432a3e684eef9b2edece76bdfa6ac85b39"
  version = "v1.0-rc1"

[[projects]]
  digest = "1:275990a68fda901ee42e120ee4c819118deefbfa6bc5562df4d0e9337b4a30e4"
  name = "github.com/go-martini/martini"
  packages = ["."]
  pruneopts = "UT"
  revision = "49411a5b646861ad29a6ddd5351717a0a9c49b94"
  version = "v1.0"

[[projects]]
  branch = "master"
  digest = "1:6866fc4160284073ee63525fc9e2cdef043a26892574340f71b4add734232853"
  name = "github.com/lib/pq"
  packages = [
    ".",
    "oid",
  ]
  pruneopts = "UT"
  revision = "90697d60dd844d5ef6ff15135d0203f65d2f53b8"

[[projects]]
  branch = "master"
  digest = "1:d62930aa74b06609f97f5d611cbeb06ccc7af4f380c625fe163804207d69fb4a"
  name = "github.com/martini-contrib/binding"
  packages = ["."]
  pruneopts = "UT"
  revision = "05d3e151b6cf34dacac6306226a33db68459a3b5"

[[projects]]
  branch = "master"
  digest = "1:9b774ba49d1ba0fcbd64c39d1d389ca045633453b373bc034977d936965dfa87"
  name = "github.com/martini-contrib/render"
  packages = ["."]
  pruneopts = "UT"
  revision = "ec18f8345a1181146728238980606fb1d6f40e8c"

[[projects]]
  branch = "master"
  digest = "1:0e1e5f960c58fdc677212fcc70e55042a0084d367623e51afbdb568963832f5d"
  name = "github.com/nu7hatch/gouuid"
  packages = ["."]
  pruneopts = "UT"
  revision = "179d4d0c4d8d407a32af483c2354df1d2c91e6c3"

[[projects]]
  branch = "master"
  digest = "1:df63a8ddf6fd32f2cdf09db1ada151c8a27f5fe2516ee977b72d6a0707e94910"
  name = "github.com/oxtoacart/bpool"
  packages = ["."]
  pruneopts = "UT"
  revision = "4e1c5567d7c2dd59fa4c7c83d34c2f3528b025d6"

[solve-meta]
  analyzer-name = "dep"
  analyzer-version = 1
  input-imports = [
    "github.com/bitly/go-simplejson",
    "github.com/go-martini/martini",
    "github.com/lib/pq",
    "github.com/martini-contrib/binding",
    "github.com/martini-contrib/render",
    "github.com/nu7hatch/gouuid",
  ]
  solver-name = "gps-cdcl"
  solver-version = 1
